
Microsoft Visual Studio Solution File, Format Version 12.00
# Visual Studio Version 16
VisualStudioVersion = 16.0.35731.53
MinimumVisualStudioVersion = 10.0.40219.1
Project("{FAE04EC0-301F-11D3-BF4B-00C04F79EFBC}") = "Vcsel", "FrameOfSystem3\Vcsel.csproj", "{998CA191-899B-4AB6-B17A-76EE56EFFC22}"
EndProject
Global
	GlobalSection(SolutionConfigurationPlatforms) = preSolution
		Debug|x64 = Debug|x64
		Release|x64 = Release|x64
	EndGlobalSection
	GlobalSection(ProjectConfigurationPlatforms) = postSolution
		{998CA191-899B-4AB6-B17A-76EE56EFFC22}.Debug|x64.ActiveCfg = Debug|x64
		{998CA191-899B-4AB6-B17A-76EE56EFFC22}.Debug|x64.Build.0 = Debug|x64
		{998CA191-899B-4AB6-B17A-76EE56EFFC22}.Release|x64.ActiveCfg = Release|x64
		{998CA191-899B-4AB6-B17A-76EE56EFFC22}.Release|x64.Build.0 = Release|x64
	EndGlobalSection
	GlobalSection(SolutionProperties) = preSolution
		HideSolutionNode = FALSE
	EndGlobalSection
	GlobalSection(ExtensibilityGlobals) = postSolution
		SolutionGuid = {2BA66279-85AE-44A5-A8BC-06A58658AEB0}
	EndGlobalSection
EndGlobal
